
Microsoft Visual Studio Solution File, Format Version 12.00
# Visual Studio 2012
Project("{FAE04EC0-301F-11D3-BF4B-00C04F79EFBC}") = "AlarmClockStore", "AlarmClockStore\AlarmClockStore.csproj", "{7FF1FE55-259B-4366-A1F1-CB5A5B7AB085}"
EndProject
Project("{FAE04EC0-301F-11D3-BF4B-00C04F79EFBC}") = "AlarmClockStore.Logic", "AlarmClockStoreLogic\AlarmClockStore.Logic.csproj", "{0392C8EF-13F1-4882-B464-1FC9A9E44FE6}"
EndProject
Project("{FAE04EC0-301F-11D3-BF4B-00C04F79EFBC}") = "AlarmClockStore.Test", "AlarmClockStore.Test\AlarmClockStore.Test.csproj", "{DABBCBD2-E67D-4FCA-89EB-0E00E1E1C428}"
EndProject
Global
	GlobalSection(SolutionConfigurationPlatforms) = preSolution
		Debug|Any CPU = Debug|Any CPU
		Release|Any CPU = Release|Any CPU
	EndGlobalSection
	GlobalSection(ProjectConfigurationPlatforms) = postSolution
		{7FF1FE55-259B-4366-A1F1-CB5A5B7AB085}.Debug|Any CPU.ActiveCfg = Debug|Any CPU
		{7FF1FE55-259B-4366-A1F1-CB5A5B7AB085}.Debug|Any CPU.Build.0 = Debug|Any CPU
		{7FF1FE55-259B-4366-A1F1-CB5A5B7AB085}.Release|Any CPU.ActiveCfg = Release|Any CPU
		{7FF1FE55-259B-4366-A1F1-CB5A5B7AB085}.Release|Any CPU.Build.0 = Release|Any CPU
		{0392C8EF-13F1-4882-B464-1FC9A9E44FE6}.Debug|Any CPU.ActiveCfg = Debug|Any CPU
		{0392C8EF-13F1-4882-B464-1FC9A9E44FE6}.Debug|Any CPU.Build.0 = Debug|Any CPU
		{0392C8EF-13F1-4882-B464-1FC9A9E44FE6}.Release|Any CPU.ActiveCfg = Release|Any CPU
		{0392C8EF-13F1-4882-B464-1FC9A9E44FE6}.Release|Any CPU.Build.0 = Release|Any CPU
		{DABBCBD2-E67D-4FCA-89EB-0E00E1E1C428}.Debug|Any CPU.ActiveCfg = Debug|Any CPU
		{DABBCBD2-E67D-4FCA-89EB-0E00E1E1C428}.Debug|Any CPU.Build.0 = Debug|Any CPU
		{DABBCBD2-E67D-4FCA-89EB-0E00E1E1C428}.Release|Any CPU.ActiveCfg = Release|Any CPU
		{DABBCBD2-E67D-4FCA-89EB-0E00E1E1C428}.Release|Any CPU.Build.0 = Release|Any CPU
	EndGlobalSection
	GlobalSection(SolutionProperties) = preSolution
		HideSolutionNode = FALSE
	EndGlobalSection
EndGlobal
